PODS:
  - Alamofire (4.0.1)
  - BGTableViewRowActionWithImage (0.3.6)
  - Heap (4.0.0)
  - Kingfisher (3.2.2)
  - KMPlaceholderTextView (1.3.0)
  - ObjectMapper (2.0.0)
  - PageMenu (1.2.9)
  - Reachability (3.2)

DEPENDENCIES:
  - Alamofire
  - BGTableViewRowActionWithImage
  - Heap
  - Kingfisher
  - KMPlaceholderTextView
  - ObjectMapper
  - PageMenu
  - Reachability

SPEC CHECKSUMS:
  Alamofire: 7682d43245de14874acd142ec137b144aa1dd335
  BGTableViewRowActionWithImage: 3517276bcee26e559465bcca13151afc33ab6d2a
  Heap: 9ef15407ea1893c3af40a13bb4f4a450ec8af142
  Kingfisher: 821466474ad7ffc375a4aecadfa05068cfed67b3
  KMPlaceholderTextView: 2bbcd19a273648a80a61e1e48f9743a24d8930e3
  ObjectMapper: aed2570edabbd3c9b26c939e1cabdb6558f933e0
  PageMenu: ba19ff267f7a19e444e93c20a7847b78954a7011
  Reachability: 33e18b67625424e47b6cde6d202dce689ad7af96

PODFILE CHECKSUM: beb0cf4fb0cbcdfbdef91c09060ca70d4fe802db

COCOAPODS: 1.2.1
