// !$*UTF8*$!
{
	archiveVersion = 1;
	classes = {
	};
	objectVersion = 50;
	objects = {

/* Begin PBXBuildFile section */
		272FC4CB8C2AE4DDBF74C7CA /* Pods_HeartLog.framework in Frameworks */ = {isa = PBXBuildFile; fileRef = E0C338F7C3C11CA9A71575A4 /* Pods_HeartLog.framework */; };
		2E0527F920E2513C00381023 /* AppDelegate.swift in Sources */ = {isa = PBXBuildFile; fileRef = 2E0527F820E2513C00381023 /* AppDelegate.swift */; };
		2E0527FB20E2513C00381023 /* ViewController.swift in Sources */ = {isa = PBXBuildFile; fileRef = 2E0527FA20E2513C00381023 /* ViewController.swift */; };
		2E0527FE20E2513C00381023 /* Main.storyboard in Resources */ = {isa = PBXBuildFile; fileRef = 2E0527FC20E2513C00381023 /* Main.storyboard */; };
		2E05280120E2513C00381023 /* HeartLog.xcdatamodeld in Sources */ = {isa = PBXBuildFile; fileRef = 2E0527FF20E2513C00381023 /* HeartLog.xcdatamodeld */; };
		2E05280320E2513E00381023 /* Assets.xcassets in Resources */ = {isa = PBXBuildFile; fileRef = 2E05280220E2513E00381023 /* Assets.xcassets */; };
		2E05280620E2513E00381023 /* LaunchScreen.storyboard in Resources */ = {isa = PBXBuildFile; fileRef = 2E05280420E2513E00381023 /* LaunchScreen.storyboard */; };
		2E05281120E2513E00381023 /* HeartLogTests.swift in Sources */ = {isa = PBXBuildFile; fileRef = 2E05281020E2513E00381023 /* HeartLogTests.swift */; };
		2E05281C20E2513E00381023 /* HeartLogUITests.swift in Sources */ = {isa = PBXBuildFile; fileRef = 2E05281B20E2513E00381023 /* HeartLogUITests.swift */; };
		2E05282C20E2520600381023 /* RestManager.swift in Sources */ = {isa = PBXBuildFile; fileRef = 2E05282A20E2520600381023 /* RestManager.swift */; };
		2E05282D20E2520600381023 /* DataService.swift in Sources */ = {isa = PBXBuildFile; fileRef = 2E05282B20E2520600381023 /* DataService.swift */; };
		2E05282F20E2525A00381023 /* cURL.swift in Sources */ = {isa = PBXBuildFile; fileRef = 2E05282E20E2525A00381023 /* cURL.swift */; };
		2E05283220E2535D00381023 /* Post.swift in Sources */ = {isa = PBXBuildFile; fileRef = 2E05283120E2535D00381023 /* Post.swift */; };
		C6F3BF5936B6DCF0DC94AD7D /* Pods_HeartLogTests.framework in Frameworks */ = {isa = PBXBuildFile; fileRef = 56F320C8112747E70BC12BC0 /* Pods_HeartLogTests.framework */; };
		ED7E9B3617C9FA56836BDDB6 /* Pods_HeartLogUITests.framework in Frameworks */ = {isa = PBXBuildFile; fileRef = 04157E0D154FC87D0096FC3B /* Pods_HeartLogUITests.framework */; };
/* End PBXBuildFile section */

/* Begin PBXContainerItemProxy section */
		2E05280D20E2513E00381023 /* PBXContainerItemProxy */ = {
			isa = PBXContainerItemProxy;
			containerPortal = 2E0527ED20E2513C00381023 /* Project object */;
			proxyType = 1;
			remoteGlobalIDString = 2E0527F420E2513C00381023;
			remoteInfo = HeartLog;
		};
		2E05281820E2513E00381023 /* PBXContainerItemProxy */ = {
			isa = PBXContainerItemProxy;
			containerPortal = 2E0527ED20E2513C00381023 /* Project object */;
			proxyType = 1;
			remoteGlobalIDString = 2E0527F420E2513C00381023;
			remoteInfo = HeartLog;
		};
/* End PBXContainerItemProxy section */

/* Begin PBXFileReference section */
		04157E0D154FC87D0096FC3B /* Pods_HeartLogUITests.framework */ = {isa = PBXFileReference; explicitFileType = wrapper.framework; includeInIndex = 0; path = Pods_HeartLogUITests.framework; sourceTree = BUILT_PRODUCTS_DIR; };
		06B3CD8966D7CB5F94EB77AC /* Pods-HeartLogTests.release.xcconfig */ = {isa = PBXFileReference; includeInIndex = 1; lastKnownFileType = text.xcconfig; name = "Pods-HeartLogTests.release.xcconfig"; path = "Pods/Target Support Files/Pods-HeartLogTests/Pods-HeartLogTests.release.xcconfig"; sourceTree = "<group>"; };
		2E0527F520E2513C00381023 /* HeartLog.app */ = {isa = PBXFileReference; explicitFileType = wrapper.application; includeInIndex = 0; path = HeartLog.app; sourceTree = BUILT_PRODUCTS_DIR; };
		2E0527F820E2513C00381023 /* AppDelegate.swift */ = {isa = PBXFileReference; lastKnownFileType = sourcecode.swift; path = AppDelegate.swift; sourceTree = "<group>"; };
		2E0527FA20E2513C00381023 /* ViewController.swift */ = {isa = PBXFileReference; lastKnownFileType = sourcecode.swift; path = ViewController.swift; sourceTree = "<group>"; };
		2E0527FD20E2513C00381023 /* Base */ = {isa = PBXFileReference; lastKnownFileType = file.storyboard; name = Base; path = Base.lproj/Main.storyboard; sourceTree = "<group>"; };
		2E05280020E2513C00381023 /* HeartLog.xcdatamodel */ = {isa = PBXFileReference; lastKnownFileType = wrapper.xcdatamodel; path = HeartLog.xcdatamodel; sourceTree = "<group>"; };
		2E05280220E2513E00381023 /* Assets.xcassets */ = {isa = PBXFileReference; lastKnownFileType = folder.assetcatalog; path = Assets.xcassets; sourceTree = "<group>"; };
		2E05280520E2513E00381023 /* Base */ = {isa = PBXFileReference; lastKnownFileType = file.storyboard; name = Base; path = Base.lproj/LaunchScreen.storyboard; sourceTree = "<group>"; };
		2E05280720E2513E00381023 /* Info.plist */ = {isa = PBXFileReference; lastKnownFileType = text.plist.xml; path = Info.plist; sourceTree = "<group>"; };
		2E05280C20E2513E00381023 /* HeartLogTests.xctest */ = {isa = PBXFileReference; explicitFileType = wrapper.cfbundle; includeInIndex = 0; path = HeartLogTests.xctest; sourceTree = BUILT_PRODUCTS_DIR; };
		2E05281020E2513E00381023 /* HeartLogTests.swift */ = {isa = PBXFileReference; lastKnownFileType = sourcecode.swift; path = HeartLogTests.swift; sourceTree = "<group>"; };
		2E05281220E2513E00381023 /* Info.plist */ = {isa = PBXFileReference; lastKnownFileType = text.plist.xml; path = Info.plist; sourceTree = "<group>"; };
		2E05281720E2513E00381023 /* HeartLogUITests.xctest */ = {isa = PBXFileReference; explicitFileType = wrapper.cfbundle; includeInIndex = 0; path = HeartLogUITests.xctest; sourceTree = BUILT_PRODUCTS_DIR; };
		2E05281B20E2513E00381023 /* HeartLogUITests.swift */ = {isa = PBXFileReference; lastKnownFileType = sourcecode.swift; path = HeartLogUITests.swift; sourceTree = "<group>"; };
		2E05281D20E2513E00381023 /* Info.plist */ = {isa = PBXFileReference; lastKnownFileType = text.plist.xml; path = Info.plist; sourceTree = "<group>"; };
		2E05282A20E2520600381023 /* RestManager.swift */ = {isa = PBXFileReference; fileEncoding = 4; lastKnownFileType = sourcecode.swift; path = RestManager.swift; sourceTree = "<group>"; };
		2E05282B20E2520600381023 /* DataService.swift */ = {isa = PBXFileReference; fileEncoding = 4; lastKnownFileType = sourcecode.swift; path = DataService.swift; sourceTree = "<group>"; };
		2E05282E20E2525A00381023 /* cURL.swift */ = {isa = PBXFileReference; fileEncoding = 4; lastKnownFileType = sourcecode.swift; path = cURL.swift; sourceTree = "<group>"; };
		2E05283120E2535D00381023 /* Post.swift */ = {isa = PBXFileReference; lastKnownFileType = sourcecode.swift; path = Post.swift; sourceTree = "<group>"; };
		3100BAF8F39F94FAD819EBD9 /* Pods-HeartLog.debug.xcconfig */ = {isa = PBXFileReference; includeInIndex = 1; lastKnownFileType = text.xcconfig; name = "Pods-HeartLog.debug.xcconfig"; path = "Pods/Target Support Files/Pods-HeartLog/Pods-HeartLog.debug.xcconfig"; sourceTree = "<group>"; };
		56F320C8112747E70BC12BC0 /* Pods_HeartLogTests.framework */ = {isa = PBXFileReference; explicitFileType = wrapper.framework; includeInIndex = 0; path = Pods_HeartLogTests.framework; sourceTree = BUILT_PRODUCTS_DIR; };
		70EF269066C6363C91E1B268 /* Pods-HeartLogUITests.release.xcconfig */ = {isa = PBXFileReference; includeInIndex = 1; lastKnownFileType = text.xcconfig; name = "Pods-HeartLogUITests.release.xcconfig"; path = "Pods/Target Support Files/Pods-HeartLogUITests/Pods-HeartLogUITests.release.xcconfig"; sourceTree = "<group>"; };
		BE913A664CFEDCCCC5607D62 /* Pods-HeartLogUITests.debug.xcconfig */ = {isa = PBXFileReference; includeInIndex = 1; lastKnownFileType = text.xcconfig; name = "Pods-HeartLogUITests.debug.xcconfig"; path = "Pods/Target Support Files/Pods-HeartLogUITests/Pods-HeartLogUITests.debug.xcconfig"; sourceTree = "<group>"; };
		DA5D2A288B325BAC45C12369 /* Pods-HeartLogTests.debug.xcconfig */ = {isa = PBXFileReference; includeInIndex = 1; lastKnownFileType = text.xcconfig; name = "Pods-HeartLogTests.debug.xcconfig"; path = "Pods/Target Support Files/Pods-HeartLogTests/Pods-HeartLogTests.debug.xcconfig"; sourceTree = "<group>"; };
		E0C338F7C3C11CA9A71575A4 /* Pods_HeartLog.framework */ = {isa = PBXFileReference; explicitFileType = wrapper.framework; includeInIndex = 0; path = Pods_HeartLog.framework; sourceTree = BUILT_PRODUCTS_DIR; };
		FA7C808CD9633639E6357240 /* Pods-HeartLog.release.xcconfig */ = {isa = PBXFileReference; includeInIndex = 1; lastKnownFileType = text.xcconfig; name = "Pods-HeartLog.release.xcconfig"; path = "Pods/Target Support Files/Pods-HeartLog/Pods-HeartLog.release.xcconfig"; sourceTree = "<group>"; };
/* End PBXFileReference section */

/* Begin PBXFrameworksBuildPhase section */
		2E0527F220E2513C00381023 /* Frameworks */ = {
			isa = PBXFrameworksBuildPhase;
			buildActionMask = 2147483647;
			files = (
				272FC4CB8C2AE4DDBF74C7CA /* Pods_HeartLog.framework in Frameworks */,
			);
			runOnlyForDeploymentPostprocessing = 0;
		};
		2E05280920E2513E00381023 /* Frameworks */ = {
			isa = PBXFrameworksBuildPhase;
			buildActionMask = 2147483647;
			files = (
				C6F3BF5936B6DCF0DC94AD7D /* Pods_HeartLogTests.framework in Frameworks */,
			);
			runOnlyForDeploymentPostprocessing = 0;
		};
		2E05281420E2513E00381023 /* Frameworks */ = {
			isa = PBXFrameworksBuildPhase;
			buildActionMask = 2147483647;
			files = (
				ED7E9B3617C9FA56836BDDB6 /* Pods_HeartLogUITests.framework in Frameworks */,
			);
			runOnlyForDeploymentPostprocessing = 0;
		};
/* End PBXFrameworksBuildPhase section */

/* Begin PBXGroup section */
		2E0527EC20E2513C00381023 = {
			isa = PBXGroup;
			children = (
				2E0527F720E2513C00381023 /* HeartLog */,
				2E05280F20E2513E00381023 /* HeartLogTests */,
				2E05281A20E2513E00381023 /* HeartLogUITests */,
				2E0527F620E2513C00381023 /* Products */,
				C8CE956A323B30822FC09992 /* Pods */,
				DA61A33FC2D173ADDFBFF798 /* Frameworks */,
			);
			sourceTree = "<group>";
		};
		2E0527F620E2513C00381023 /* Products */ = {
			isa = PBXGroup;
			children = (
				2E0527F520E2513C00381023 /* HeartLog.app */,
				2E05280C20E2513E00381023 /* HeartLogTests.xctest */,
				2E05281720E2513E00381023 /* HeartLogUITests.xctest */,
			);
			name = Products;
			sourceTree = "<group>";
		};
		2E0527F720E2513C00381023 /* HeartLog */ = {
			isa = PBXGroup;
			children = (
				2E05283020E2533D00381023 /* Model */,
				2E05282920E251FB00381023 /* API */,
				2E0527F820E2513C00381023 /* AppDelegate.swift */,
				2E0527FA20E2513C00381023 /* ViewController.swift */,
				2E0527FC20E2513C00381023 /* Main.storyboard */,
				2E05280220E2513E00381023 /* Assets.xcassets */,
				2E05280420E2513E00381023 /* LaunchScreen.storyboard */,
				2E05280720E2513E00381023 /* Info.plist */,
				2E0527FF20E2513C00381023 /* HeartLog.xcdatamodeld */,
			);
			path = HeartLog;
			sourceTree = "<group>";
		};
		2E05280F20E2513E00381023 /* HeartLogTests */ = {
			isa = PBXGroup;
			children = (
				2E05281020E2513E00381023 /* HeartLogTests.swift */,
				2E05281220E2513E00381023 /* Info.plist */,
			);
			path = HeartLogTests;
			sourceTree = "<group>";
		};
		2E05281A20E2513E00381023 /* HeartLogUITests */ = {
			isa = PBXGroup;
			children = (
				2E05281B20E2513E00381023 /* HeartLogUITests.swift */,
				2E05281D20E2513E00381023 /* Info.plist */,
			);
			path = HeartLogUITests;
			sourceTree = "<group>";
		};
		2E05282920E251FB00381023 /* API */ = {
			isa = PBXGroup;
			children = (
				2E05282B20E2520600381023 /* DataService.swift */,
				2E05282A20E2520600381023 /* RestManager.swift */,
				2E05282E20E2525A00381023 /* cURL.swift */,
			);
			path = API;
			sourceTree = "<group>";
		};
		2E05283020E2533D00381023 /* Model */ = {
			isa = PBXGroup;
			children = (
				2E05283120E2535D00381023 /* Post.swift */,
			);
			path = Model;
			sourceTree = "<group>";
		};
		C8CE956A323B30822FC09992 /* Pods */ = {
			isa = PBXGroup;
			children = (
				3100BAF8F39F94FAD819EBD9 /* Pods-HeartLog.debug.xcconfig */,
				FA7C808CD9633639E6357240 /* Pods-HeartLog.release.xcconfig */,
				DA5D2A288B325BAC45C12369 /* Pods-HeartLogTests.debug.xcconfig */,
				06B3CD8966D7CB5F94EB77AC /* Pods-HeartLogTests.release.xcconfig */,
				BE913A664CFEDCCCC5607D62 /* Pods-HeartLogUITests.debug.xcconfig */,
				70EF269066C6363C91E1B268 /* Pods-HeartLogUITests.release.xcconfig */,
			);
			name = Pods;
			sourceTree = "<group>";
		};
		DA61A33FC2D173ADDFBFF798 /* Frameworks */ = {
			isa = PBXGroup;
			children = (
				E0C338F7C3C11CA9A71575A4 /* Pods_HeartLog.framework */,
				56F320C8112747E70BC12BC0 /* Pods_HeartLogTests.framework */,
				04157E0D154FC87D0096FC3B /* Pods_HeartLogUITests.framework */,
			);
			name = Frameworks;
			sourceTree = "<group>";
		};
/* End PBXGroup section */

/* Begin PBXNativeTarget section */
		2E0527F420E2513C00381023 /* HeartLog */ = {
			isa = PBXNativeTarget;
			buildConfigurationList = 2E05282020E2513E00381023 /* Build configuration list for PBXNativeTarget "HeartLog" */;
			buildPhases = (
				85AD42B85DEA0A67E4A205B6 /* [CP] Check Pods Manifest.lock */,
				2E0527F120E2513C00381023 /* Sources */,
				2E0527F220E2513C00381023 /* Frameworks */,
				2E0527F320E2513C00381023 /* Resources */,
				CBE42E8CF6F15F0708BEB654 /* [CP] Embed Pods Frameworks */,
			);
			buildRules = (
			);
			dependencies = (
			);
			name = HeartLog;
			productName = HeartLog;
			productReference = 2E0527F520E2513C00381023 /* HeartLog.app */;
			productType = "com.apple.product-type.application";
		};
		2E05280B20E2513E00381023 /* HeartLogTests */ = {
			isa = PBXNativeTarget;
			buildConfigurationList = 2E05282320E2513E00381023 /* Build configuration list for PBXNativeTarget "HeartLogTests" */;
			buildPhases = (
				0FC5E49BF5BEAB2ABF1A45E3 /* [CP] Check Pods Manifest.lock */,
				2E05280820E2513E00381023 /* Sources */,
				2E05280920E2513E00381023 /* Frameworks */,
				2E05280A20E2513E00381023 /* Resources */,
			);
			buildRules = (
			);
			dependencies = (
				2E05280E20E2513E00381023 /* PBXTargetDependency */,
			);
			name = HeartLogTests;
			productName = HeartLogTests;
			productReference = 2E05280C20E2513E00381023 /* HeartLogTests.xctest */;
			productType = "com.apple.product-type.bundle.unit-test";
		};
		2E05281620E2513E00381023 /* HeartLogUITests */ = {
			isa = PBXNativeTarget;
			buildConfigurationList = 2E05282620E2513E00381023 /* Build configuration list for PBXNativeTarget "HeartLogUITests" */;
			buildPhases = (
				E27024B930EF71DE664144FA /* [CP] Check Pods Manifest.lock */,
				2E05281320E2513E00381023 /* Sources */,
				2E05281420E2513E00381023 /* Frameworks */,
				2E05281520E2513E00381023 /* Resources */,
			);
			buildRules = (
			);
			dependencies = (
				2E05281920E2513E00381023 /* PBXTargetDependency */,
			);
			name = HeartLogUITests;
			productName = HeartLogUITests;
			productReference = 2E05281720E2513E00381023 /* HeartLogUITests.xctest */;
			productType = "com.apple.product-type.bundle.ui-testing";
		};
/* End PBXNativeTarget section */

/* Begin PBXProject section */
		2E0527ED20E2513C00381023 /* Project object */ = {
			isa = PBXProject;
			attributes = {
				LastSwiftUpdateCheck = 0940;
				LastUpgradeCheck = 0940;
				ORGANIZATIONNAME = markostajic;
				TargetAttributes = {
					2E0527F420E2513C00381023 = {
						CreatedOnToolsVersion = 9.4.1;
					};
					2E05280B20E2513E00381023 = {
						CreatedOnToolsVersion = 9.4.1;
						TestTargetID = 2E0527F420E2513C00381023;
					};
					2E05281620E2513E00381023 = {
						CreatedOnToolsVersion = 9.4.1;
						TestTargetID = 2E0527F420E2513C00381023;
					};
				};
			};
			buildConfigurationList = 2E0527F020E2513C00381023 /* Build configuration list for PBXProject "HeartLog" */;
			compatibilityVersion = "Xcode 9.3";
			developmentRegion = en;
			hasScannedForEncodings = 0;
			knownRegions = (
				en,
				Base,
			);
			mainGroup = 2E0527EC20E2513C00381023;
			productRefGroup = 2E0527F620E2513C00381023 /* Products */;
			projectDirPath = "";
			projectRoot = "";
			targets = (
				2E0527F420E2513C00381023 /* HeartLog */,
				2E05280B20E2513E00381023 /* HeartLogTests */,
				2E05281620E2513E00381023 /* HeartLogUITests */,
			);
		};
/* End PBXProject section */

/* Begin PBXResourcesBuildPhase section */
		2E0527F320E2513C00381023 /* Resources */ = {
			isa = PBXResourcesBuildPhase;
			buildActionMask = 2147483647;
			files = (
				2E05280620E2513E00381023 /* LaunchScreen.storyboard in Resources */,
				2E05280320E2513E00381023 /* Assets.xcassets in Resources */,
				2E0527FE20E2513C00381023 /* Main.storyboard in Resources */,
			);
			runOnlyForDeploymentPostprocessing = 0;
		};
		2E05280A20E2513E00381023 /* Resources */ = {
			isa = PBXResourcesBuildPhase;
			buildActionMask = 2147483647;
			files = (
			);
			runOnlyForDeploymentPostprocessing = 0;
		};
		2E05281520E2513E00381023 /* Resources */ = {
			isa = PBXResourcesBuildPhase;
			buildActionMask = 2147483647;
			files = (
			);
			runOnlyForDeploymentPostprocessing = 0;
		};
/* End PBXResourcesBuildPhase section */

/* Begin PBXShellScriptBuildPhase section */
		0FC5E49BF5BEAB2ABF1A45E3 /* [CP] Check Pods Manifest.lock */ = {
			isa = PBXShellScriptBuildPhase;
			buildActionMask = 2147483647;
			files = (
			);
			inputPaths = (
				"${PODS_PODFILE_DIR_PATH}/Podfile.lock",
				"${PODS_ROOT}/Manifest.lock",
			);
			name = "[CP] Check Pods Manifest.lock";
			outputPaths = (
				"$(DERIVED_FILE_DIR)/Pods-HeartLogTests-checkManifestLockResult.txt",
			);
			runOnlyForDeploymentPostprocessing = 0;
			shellPath = /bin/sh;
			shellScript = "diff \"${PODS_PODFILE_DIR_PATH}/Podfile.lock\" \"${PODS_ROOT}/Manifest.lock\" > /dev/null\nif [ $? != 0 ] ; then\n    # print error to STDERR\n    echo \"error: The sandbox is not in sync with the Podfile.lock. Run 'pod install' or update your CocoaPods installation.\" >&2\n    exit 1\nfi\n# This output is used by Xcode 'outputs' to avoid re-running this script phase.\necho \"SUCCESS\" > \"${SCRIPT_OUTPUT_FILE_0}\"\n";
			showEnvVarsInLog = 0;
		};
		85AD42B85DEA0A67E4A205B6 /* [CP] Check Pods Manifest.lock */ = {
			isa = PBXShellScriptBuildPhase;
			buildActionMask = 2147483647;
			files = (
			);
			inputPaths = (
				"${PODS_PODFILE_DIR_PATH}/Podfile.lock",
				"${PODS_ROOT}/Manifest.lock",
			);
			name = "[CP] Check Pods Manifest.lock";
			outputPaths = (
				"$(DERIVED_FILE_DIR)/Pods-HeartLog-checkManifestLockResult.txt",
			);
			runOnlyForDeploymentPostprocessing = 0;
			shellPath = /bin/sh;
			shellScript = "diff \"${PODS_PODFILE_DIR_PATH}/Podfile.lock\" \"${PODS_ROOT}/Manifest.lock\" > /dev/null\nif [ $? != 0 ] ; then\n    # print error to STDERR\n    echo \"error: The sandbox is not in sync with the Podfile.lock. Run 'pod install' or update your CocoaPods installation.\" >&2\n    exit 1\nfi\n# This output is used by Xcode 'outputs' to avoid re-running this script phase.\necho \"SUCCESS\" > \"${SCRIPT_OUTPUT_FILE_0}\"\n";
			showEnvVarsInLog = 0;
		};
		CBE42E8CF6F15F0708BEB654 /* [CP] Embed Pods Frameworks */ = {
			isa = PBXShellScriptBuildPhase;
			buildActionMask = 2147483647;
			files = (
			);
			inputPaths = (
				"${SRCROOT}/Pods/Target Support Files/Pods-HeartLog/Pods-HeartLog-frameworks.sh",
				"${BUILT_PRODUCTS_DIR}/Alamofire/Alamofire.framework",
				"${BUILT_PRODUCTS_DIR}/EVReflection/EVReflection.framework",
			);
			name = "[CP] Embed Pods Frameworks";
			outputPaths = (
				"${TARGET_BUILD_DIR}/${FRAMEWORKS_FOLDER_PATH}/Alamofire.framework",
				"${TARGET_BUILD_DIR}/${FRAMEWORKS_FOLDER_PATH}/EVReflection.framework",
			);
			runOnlyForDeploymentPostprocessing = 0;
			shellPath = /bin/sh;
			shellScript = "\"${SRCROOT}/Pods/Target Support Files/Pods-HeartLog/Pods-HeartLog-frameworks.sh\"\n";
			showEnvVarsInLog = 0;
		};
		E27024B930EF71DE664144FA /* [CP] Check Pods Manifest.lock */ = {
			isa = PBXShellScriptBuildPhase;
			buildActionMask = 2147483647;
			files = (
			);
			inputPaths = (
				"${PODS_PODFILE_DIR_PATH}/Podfile.lock",
				"${PODS_ROOT}/Manifest.lock",
			);
			name = "[CP] Check Pods Manifest.lock";
			outputPaths = (
				"$(DERIVED_FILE_DIR)/Pods-HeartLogUITests-checkManifestLockResult.txt",
			);
			runOnlyForDeploymentPostprocessing = 0;
			shellPath = /bin/sh;
			shellScript = "diff \"${PODS_PODFILE_DIR_PATH}/Podfile.lock\" \"${PODS_ROOT}/Manifest.lock\" > /dev/null\nif [ $? != 0 ] ; then\n    # print error to STDERR\n    echo \"error: The sandbox is not in sync with the Podfile.lock. Run 'pod install' or update your CocoaPods installation.\" >&2\n    exit 1\nfi\n# This output is used by Xcode 'outputs' to avoid re-running this script phase.\necho \"SUCCESS\" > \"${SCRIPT_OUTPUT_FILE_0}\"\n";
			showEnvVarsInLog = 0;
		};
/* End PBXShellScriptBuildPhase section */

/* Begin PBXSourcesBuildPhase section */
		2E0527F120E2513C00381023 /* Sources */ = {
			isa = PBXSourcesBuildPhase;
			buildActionMask = 2147483647;
			files = (
				2E0527FB20E2513C00381023 /* ViewController.swift in Sources */,
				2E05282F20E2525A00381023 /* cURL.swift in Sources */,
				2E05282C20E2520600381023 /* RestManager.swift in Sources */,
				2E05280120E2513C00381023 /* HeartLog.xcdatamodeld in Sources */,
				2E0527F920E2513C00381023 /* AppDelegate.swift in Sources */,
				2E05283220E2535D00381023 /* Post.swift in Sources */,
				2E05282D20E2520600381023 /* DataService.swift in Sources */,
			);
			runOnlyForDeploymentPostprocessing = 0;
		};
		2E05280820E2513E00381023 /* Sources */ = {
			isa = PBXSourcesBuildPhase;
			buildActionMask = 2147483647;
			files = (
				2E05281120E2513E00381023 /* HeartLogTests.swift in Sources */,
			);
			runOnlyForDeploymentPostprocessing = 0;
		};
		2E05281320E2513E00381023 /* Sources */ = {
			isa = PBXSourcesBuildPhase;
			buildActionMask = 2147483647;
			files = (
				2E05281C20E2513E00381023 /* HeartLogUITests.swift in Sources */,
			);
			runOnlyForDeploymentPostprocessing = 0;
		};
/* End PBXSourcesBuildPhase section */

/* Begin PBXTargetDependency section */
		2E05280E20E2513E00381023 /* PBXTargetDependency */ = {
			isa = PBXTargetDependency;
			target = 2E0527F420E2513C00381023 /* HeartLog */;
			targetProxy = 2E05280D20E2513E00381023 /* PBXContainerItemProxy */;
		};
		2E05281920E2513E00381023 /* PBXTargetDependency */ = {
			isa = PBXTargetDependency;
			target = 2E0527F420E2513C00381023 /* HeartLog */;
			targetProxy = 2E05281820E2513E00381023 /* PBXContainerItemProxy */;
		};
/* End PBXTargetDependency section */

/* Begin PBXVariantGroup section */
		2E0527FC20E2513C00381023 /* Main.storyboard */ = {
			isa = PBXVariantGroup;
			children = (
				2E0527FD20E2513C00381023 /* Base */,
			);
			name = Main.storyboard;
			sourceTree = "<group>";
		};
		2E05280420E2513E00381023 /* LaunchScreen.storyboard */ = {
			isa = PBXVariantGroup;
			children = (
				2E05280520E2513E00381023 /* Base */,
			);
			name = LaunchScreen.storyboard;
			sourceTree = "<group>";
		};
/* End PBXVariantGroup section */

/* Begin XCBuildConfiguration section */
		2E05281E20E2513E00381023 /* Debug */ = {
			isa = XCBuildConfiguration;
			buildSettings = {
				ALWAYS_SEARCH_USER_PATHS = NO;
				CLANG_ANALYZER_NONNULL = YES;
				CLANG_ANALYZER_NUMBER_OBJECT_CONVERSION = YES_AGGRESSIVE;
				CLANG_CXX_LANGUAGE_STANDARD = "gnu++14";
				CLANG_CXX_LIBRARY = "libc++";
				CLANG_ENABLE_MODULES = YES;
				CLANG_ENABLE_OBJC_ARC = YES;
				CLANG_ENABLE_OBJC_WEAK = YES;
				CLANG_WARN_BLOCK_CAPTURE_AUTORELEASING = YES;
				CLANG_WARN_BOOL_CONVERSION = YES;
				CLANG_WARN_COMMA = YES;
				CLANG_WARN_CONSTANT_CONVERSION = YES;
				CLANG_WARN_DEPRECATED_OBJC_IMPLEMENTATIONS = YES;
				CLANG_WARN_DIRECT_OBJC_ISA_USAGE = YES_ERROR;
				CLANG_WARN_DOCUMENTATION_COMMENTS = YES;
				CLANG_WARN_EMPTY_BODY = YES;
				CLANG_WARN_ENUM_CONVERSION = YES;
				CLANG_WARN_INFINITE_RECURSION = YES;
				CLANG_WARN_INT_CONVERSION = YES;
				CLANG_WARN_NON_LITERAL_NULL_CONVERSION = YES;
				CLANG_WARN_OBJC_IMPLICIT_RETAIN_SELF = YES;
				CLANG_WARN_OBJC_LITERAL_CONVERSION = YES;
				CLANG_WARN_OBJC_ROOT_CLASS = YES_ERROR;
				CLANG_WARN_RANGE_LOOP_ANALYSIS = YES;
				CLANG_WARN_STRICT_PROTOTYPES = YES;
				CLANG_WARN_SUSPICIOUS_MOVE = YES;
				CLANG_WARN_UNGUARDED_AVAILABILITY = YES_AGGRESSIVE;
				CLANG_WARN_UNREACHABLE_CODE = YES;
				CLANG_WARN__DUPLICATE_METHOD_MATCH = YES;
				CODE_SIGN_IDENTITY = "iPhone Developer";
				COPY_PHASE_STRIP = NO;
				DEBUG_INFORMATION_FORMAT = dwarf;
				ENABLE_STRICT_OBJC_MSGSEND = YES;
				ENABLE_TESTABILITY = YES;
				GCC_C_LANGUAGE_STANDARD = gnu11;
				GCC_DYNAMIC_NO_PIC = NO;
				GCC_NO_COMMON_BLOCKS = YES;
				GCC_OPTIMIZATION_LEVEL = 0;
				GCC_PREPROCESSOR_DEFINITIONS = (
					"DEBUG=1",
					"$(inherited)",
				);
				GCC_WARN_64_TO_32_BIT_CONVERSION = YES;
				GCC_WARN_ABOUT_RETURN_TYPE = YES_ERROR;
				GCC_WARN_UNDECLARED_SELECTOR = YES;
				GCC_WARN_UNINITIALIZED_AUTOS = YES_AGGRESSIVE;
				GCC_WARN_UNUSED_FUNCTION = YES;
				GCC_WARN_UNUSED_VARIABLE = YES;
				IPHONEOS_DEPLOYMENT_TARGET = 11.4;
				MTL_ENABLE_DEBUG_INFO = YES;
				ONLY_ACTIVE_ARCH = YES;
				SDKROOT = iphoneos;
				SWIFT_ACTIVE_COMPILATION_CONDITIONS = DEBUG;
				SWIFT_OPTIMIZATION_LEVEL = "-Onone";
			};
			name = Debug;
		};
		2E05281F20E2513E00381023 /* Release */ = {
			isa = XCBuildConfiguration;
			buildSettings = {
				ALWAYS_SEARCH_USER_PATHS = NO;
				CLANG_ANALYZER_NONNULL = YES;
				CLANG_ANALYZER_NUMBER_OBJECT_CONVERSION = YES_AGGRESSIVE;
				CLANG_CXX_LANGUAGE_STANDARD = "gnu++14";
				CLANG_CXX_LIBRARY = "libc++";
				CLANG_ENABLE_MODULES = YES;
				CLANG_ENABLE_OBJC_ARC = YES;
				CLANG_ENABLE_OBJC_WEAK = YES;
				CLANG_WARN_BLOCK_CAPTURE_AUTORELEASING = YES;
				CLANG_WARN_BOOL_CONVERSION = YES;
				CLANG_WARN_COMMA = YES;
				CLANG_WARN_CONSTANT_CONVERSION = YES;
				CLANG_WARN_DEPRECATED_OBJC_IMPLEMENTATIONS = YES;
				CLANG_WARN_DIRECT_OBJC_ISA_USAGE = YES_ERROR;
				CLANG_WARN_DOCUMENTATION_COMMENTS = YES;
				CLANG_WARN_EMPTY_BODY = YES;
				CLANG_WARN_ENUM_CONVERSION = YES;
				CLANG_WARN_INFINITE_RECURSION = YES;
				CLANG_WARN_INT_CONVERSION = YES;
				CLANG_WARN_NON_LITERAL_NULL_CONVERSION = YES;
				CLANG_WARN_OBJC_IMPLICIT_RETAIN_SELF = YES;
				CLANG_WARN_OBJC_LITERAL_CONVERSION = YES;
				CLANG_WARN_OBJC_ROOT_CLASS = YES_ERROR;
				CLANG_WARN_RANGE_LOOP_ANALYSIS = YES;
				CLANG_WARN_STRICT_PROTOTYPES = YES;
				CLANG_WARN_SUSPICIOUS_MOVE = YES;
				CLANG_WARN_UNGUARDED_AVAILABILITY = YES_AGGRESSIVE;
				CLANG_WARN_UNREACHABLE_CODE = YES;
				CLANG_WARN__DUPLICATE_METHOD_MATCH = YES;
				CODE_SIGN_IDENTITY = "iPhone Developer";
				COPY_PHASE_STRIP = NO;
				DEBUG_INFORMATION_FORMAT = "dwarf-with-dsym";
				ENABLE_NS_ASSERTIONS = NO;
				ENABLE_STRICT_OBJC_MSGSEND = YES;
				GCC_C_LANGUAGE_STANDARD = gnu11;
				GCC_NO_COMMON_BLOCKS = YES;
				GCC_WARN_64_TO_32_BIT_CONVERSION = YES;
				GCC_WARN_ABOUT_RETURN_TYPE = YES_ERROR;
				GCC_WARN_UNDECLARED_SELECTOR = YES;
				GCC_WARN_UNINITIALIZED_AUTOS = YES_AGGRESSIVE;
				GCC_WARN_UNUSED_FUNCTION = YES;
				GCC_WARN_UNUSED_VARIABLE = YES;
				IPHONEOS_DEPLOYMENT_TARGET = 11.4;
				MTL_ENABLE_DEBUG_INFO = NO;
				SDKROOT = iphoneos;
				SWIFT_COMPILATION_MODE = wholemodule;
				SWIFT_OPTIMIZATION_LEVEL = "-O";
				VALIDATE_PRODUCT = YES;
			};
			name = Release;
		};
		2E05282120E2513E00381023 /* Debug */ = {
			isa = XCBuildConfiguration;
			baseConfigurationReference = 3100BAF8F39F94FAD819EBD9 /* Pods-HeartLog.debug.xcconfig */;
			buildSettings = {
				ASSETCATALOG_COMPILER_APPICON_NAME = AppIcon;
				CODE_SIGN_STYLE = Automatic;
				DEVELOPMENT_TEAM = 2QB89332G7;
				INFOPLIST_FILE = HeartLog/Info.plist;
				LD_RUNPATH_SEARCH_PATHS = (
					"$(inherited)",
					"@executable_path/Frameworks",
				);
				PRODUCT_BUNDLE_IDENTIFIER = com.markostajic.HeartLog;
				PRODUCT_NAME = "$(TARGET_NAME)";
				SWIFT_VERSION = 4.0;
				TARGETED_DEVICE_FAMILY = "1,2";
			};
			name = Debug;
		};
		2E05282220E2513E00381023 /* Release */ = {
			isa = XCBuildConfiguration;
			baseConfigurationReference = FA7C808CD9633639E6357240 /* Pods-HeartLog.release.xcconfig */;
			buildSettings = {
				ASSETCATALOG_COMPILER_APPICON_NAME = AppIcon;
				CODE_SIGN_STYLE = Automatic;
				DEVELOPMENT_TEAM = 2QB89332G7;
				INFOPLIST_FILE = HeartLog/Info.plist;
				LD_RUNPATH_SEARCH_PATHS = (
					"$(inherited)",
					"@executable_path/Frameworks",
				);
				PRODUCT_BUNDLE_IDENTIFIER = com.markostajic.HeartLog;
				PRODUCT_NAME = "$(TARGET_NAME)";
				SWIFT_VERSION = 4.0;
				TARGETED_DEVICE_FAMILY = "1,2";
			};
			name = Release;
		};
		2E05282420E2513E00381023 /* Debug */ = {
			isa = XCBuildConfiguration;
			baseConfigurationReference = DA5D2A288B325BAC45C12369 /* Pods-HeartLogTests.debug.xcconfig */;
			buildSettings = {
				ALWAYS_EMBED_SWIFT_STANDARD_LIBRARIES = YES;
				BUNDLE_LOADER = "$(TEST_HOST)";
				CODE_SIGN_STYLE = Automatic;
				DEVELOPMENT_TEAM = 2QB89332G7;
				INFOPLIST_FILE = HeartLogTests/Info.plist;
				LD_RUNPATH_SEARCH_PATHS = (
					"$(inherited)",
					"@executable_path/Frameworks",
					"@loader_path/Frameworks",
				);
				PRODUCT_BUNDLE_IDENTIFIER = com.markostajic.HeartLogTests;
				PRODUCT_NAME = "$(TARGET_NAME)";
				SWIFT_VERSION = 4.0;
				TARGETED_DEVICE_FAMILY = "1,2";
				TEST_HOST = "$(BUILT_PRODUCTS_DIR)/HeartLog.app/HeartLog";
			};
			name = Debug;
		};
		2E05282520E2513E00381023 /* Release */ = {
			isa = XCBuildConfiguration;
			baseConfigurationReference = 06B3CD8966D7CB5F94EB77AC /* Pods-HeartLogTests.release.xcconfig */;
			buildSettings = {
				ALWAYS_EMBED_SWIFT_STANDARD_LIBRARIES = YES;
				BUNDLE_LOADER = "$(TEST_HOST)";
				CODE_SIGN_STYLE = Automatic;
				DEVELOPMENT_TEAM = 2QB89332G7;
				INFOPLIST_FILE = HeartLogTests/Info.plist;
				LD_RUNPATH_SEARCH_PATHS = (
					"$(inherited)",
					"@executable_path/Frameworks",
					"@loader_path/Frameworks",
				);
				PRODUCT_BUNDLE_IDENTIFIER = com.markostajic.HeartLogTests;
				PRODUCT_NAME = "$(TARGET_NAME)";
				SWIFT_VERSION = 4.0;
				TARGETED_DEVICE_FAMILY = "1,2";
				TEST_HOST = "$(BUILT_PRODUCTS_DIR)/HeartLog.app/HeartLog";
			};
			name = Release;
		};
		2E05282720E2513E00381023 /* Debug */ = {
			isa = XCBuildConfiguration;
			baseConfigurationReference = BE913A664CFEDCCCC5607D62 /* Pods-HeartLogUITests.debug.xcconfig */;
			buildSettings = {
				ALWAYS_EMBED_SWIFT_STANDARD_LIBRARIES = YES;
				CODE_SIGN_STYLE = Automatic;
				DEVELOPMENT_TEAM = 2QB89332G7;
				INFOPLIST_FILE = HeartLogUITests/Info.plist;
				LD_RUNPATH_SEARCH_PATHS = (
					"$(inherited)",
					"@executable_path/Frameworks",
					"@loader_path/Frameworks",
				);
				PRODUCT_BUNDLE_IDENTIFIER = com.markostajic.HeartLogUITests;
				PRODUCT_NAME = "$(TARGET_NAME)";
				SWIFT_VERSION = 4.0;
				TARGETED_DEVICE_FAMILY = "1,2";
				TEST_TARGET_NAME = HeartLog;
			};
			name = Debug;
		};
		2E05282820E2513E00381023 /* Release */ = {
			isa = XCBuildConfiguration;
			baseConfigurationReference = 70EF269066C6363C91E1B268 /* Pods-HeartLogUITests.release.xcconfig */;
			buildSettings = {
				ALWAYS_EMBED_SWIFT_STANDARD_LIBRARIES = YES;
				CODE_SIGN_STYLE = Automatic;
				DEVELOPMENT_TEAM = 2QB89332G7;
				INFOPLIST_FILE = HeartLogUITests/Info.plist;
				LD_RUNPATH_SEARCH_PATHS = (
					"$(inherited)",
					"@executable_path/Frameworks",
					"@loader_path/Frameworks",
				);
				PRODUCT_BUNDLE_IDENTIFIER = com.markostajic.HeartLogUITests;
				PRODUCT_NAME = "$(TARGET_NAME)";
				SWIFT_VERSION = 4.0;
				TARGETED_DEVICE_FAMILY = "1,2";
				TEST_TARGET_NAME = HeartLog;
			};
			name = Release;
		};
/* End XCBuildConfiguration section */

/* Begin XCConfigurationList section */
		2E0527F020E2513C00381023 /* Build configuration list for PBXProject "HeartLog" */ = {
			isa = XCConfigurationList;
			buildConfigurations = (
				2E05281E20E2513E00381023 /* Debug */,
				2E05281F20E2513E00381023 /* Release */,
			);
			defaultConfigurationIsVisible = 0;
			defaultConfigurationName = Release;
		};
		2E05282020E2513E00381023 /* Build configuration list for PBXNativeTarget "HeartLog" */ = {
			isa = XCConfigurationList;
			buildConfigurations = (
				2E05282120E2513E00381023 /* Debug */,
				2E05282220E2513E00381023 /* Release */,
			);
			defaultConfigurationIsVisible = 0;
			defaultConfigurationName = Release;
		};
		2E05282320E2513E00381023 /* Build configuration list for PBXNativeTarget "HeartLogTests" */ = {
			isa = XCConfigurationList;
			buildConfigurations = (
				2E05282420E2513E00381023 /* Debug */,
				2E05282520E2513E00381023 /* Release */,
			);
			defaultConfigurationIsVisible = 0;
			defaultConfigurationName = Release;
		};
		2E05282620E2513E00381023 /* Build configuration list for PBXNativeTarget "HeartLogUITests" */ = {
			isa = XCConfigurationList;
			buildConfigurations = (
				2E05282720E2513E00381023 /* Debug */,
				2E05282820E2513E00381023 /* Release */,
			);
			defaultConfigurationIsVisible = 0;
			defaultConfigurationName = Release;
		};
/* End XCConfigurationList section */

/* Begin XCVersionGroup section */
		2E0527FF20E2513C00381023 /* HeartLog.xcdatamodeld */ = {
			isa = XCVersionGroup;
			children = (
				2E05280020E2513C00381023 /* HeartLog.xcdatamodel */,
			);
			currentVersion = 2E05280020E2513C00381023 /* HeartLog.xcdatamodel */;
			path = HeartLog.xcdatamodeld;
			sourceTree = "<group>";
			versionGroupType = wrapper.xcdatamodel;
		};
/* End XCVersionGroup section */
	};
	rootObject = 2E0527ED20E2513C00381023 /* Project object */;
}
